
Microsoft Visual Studio Solution File, Format Version 12.00
# Visual Studio Version 16
VisualStudioVersion = 16.0.31321.278
MinimumVisualStudioVersion = 10.0.40219.1
Project("{FAE04EC0-301F-11D3-BF4B-00C04F79EFBC}") = "VirusStore", "VirusStore\VirusStore.csproj", "{55D4C503-ADD2-42C0-8DE9-8DC9C324503F}"
EndProject
Global
	GlobalSection(SolutionConfigurationPlatforms) = preSolution
		Debug|Any CPU = Debug|Any CPU
		Release|Any CPU = Release|Any CPU
	EndGlobalSection
	GlobalSection(ProjectConfigurationPlatforms) = postSolution
		{55D4C503-ADD2-42C0-8DE9-8DC9C324503F}.Debug|Any CPU.ActiveCfg = Debug|Any CPU
		{55D4C503-ADD2-42C0-8DE9-8DC9C324503F}.Debug|Any CPU.Build.0 = Debug|Any CPU
		{55D4C503-ADD2-42C0-8DE9-8DC9C324503F}.Release|Any CPU.ActiveCfg = Release|Any CPU
		{55D4C503-ADD2-42C0-8DE9-8DC9C324503F}.Release|Any CPU.Build.0 = Release|Any CPU
	EndGlobalSection
	GlobalSection(SolutionProperties) = preSolution
		HideSolutionNode = FALSE
	EndGlobalSection
	GlobalSection(ExtensibilityGlobals) = postSolution
		SolutionGuid = {0154C646-A60A-409E-B351-D453B15C71D2}
	EndGlobalSection
EndGlobal
